
Microsoft Visual Studio Solution File, Format Version 12.00
# Visual Studio Version 17
VisualStudioVersion = 17.5.33627.172
MinimumVisualStudioVersion = 10.0.40219.1
Project("{FAE04EC0-301F-11D3-BF4B-00C04F79EFBC}") = "Cосун", "Cосун.csproj", "{D9285B27-D183-4092-A296-F4D954BBB667}"
EndProject
Global
	GlobalSection(SolutionConfigurationPlatforms) = preSolution
		Debug|Any CPU = Debug|Any CPU
		Release|Any CPU = Release|Any CPU
	EndGlobalSection
	GlobalSection(ProjectConfigurationPlatforms) = postSolution
		{D9285B27-D183-4092-A296-F4D954BBB667}.Debug|Any CPU.ActiveCfg = Debug|Any CPU
		{D9285B27-D183-4092-A296-F4D954BBB667}.Debug|Any CPU.Build.0 = Debug|Any CPU
		{D9285B27-D183-4092-A296-F4D954BBB667}.Release|Any CPU.ActiveCfg = Release|Any CPU
		{D9285B27-D183-4092-A296-F4D954BBB667}.Release|Any CPU.Build.0 = Release|Any CPU
	EndGlobalSection
	GlobalSection(SolutionProperties) = preSolution
		HideSolutionNode = FALSE
	EndGlobalSection
	GlobalSection(ExtensibilityGlobals) = postSolution
		SolutionGuid = {C005425C-A0B2-4DA2-829C-AB1030B0ED01}
	EndGlobalSection
EndGlobal
